
Microsoft Visual Studio Solution File, Format Version 12.00
# Visual Studio Version 16
VisualStudioVersion = 16.0.31313.79
MinimumVisualStudioVersion = 10.0.40219.1
Project("{FAE04EC0-301F-11D3-BF4B-00C04F79EFBC}") = "ExpenseOn.Repository.MySql", "ExpenseOn.Repository.MySql\ExpenseOn.Repository.MySql.csproj", "{19008EDB-5138-43FC-97D7-F2E25AADBF19}"
EndProject
Global
	GlobalSection(SolutionConfigurationPlatforms) = preSolution
		Debug|Any CPU = Debug|Any CPU
		Release|Any CPU = Release|Any CPU
	EndGlobalSection
	GlobalSection(ProjectConfigurationPlatforms) = postSolution
		{19008EDB-5138-43FC-97D7-F2E25AADBF19}.Debug|Any CPU.ActiveCfg = Debug|Any CPU
		{19008EDB-5138-43FC-97D7-F2E25AADBF19}.Debug|Any CPU.Build.0 = Debug|Any CPU
		{19008EDB-5138-43FC-97D7-F2E25AADBF19}.Release|Any CPU.ActiveCfg = Release|Any CPU
		{19008EDB-5138-43FC-97D7-F2E25AADBF19}.Release|Any CPU.Build.0 = Release|Any CPU
	EndGlobalSection
	GlobalSection(SolutionProperties) = preSolution
		HideSolutionNode = FALSE
	EndGlobalSection
	GlobalSection(ExtensibilityGlobals) = postSolution
		SolutionGuid = {BFC2FBD5-6CE2-4BC4-96BB-53D40113E658}
	EndGlobalSection
EndGlobal
